// !$*UTF8*$!
{
	archiveVersion = 1;
	classes = {
	};
	objectVersion = 46;
	objects = {

/* Begin PBXBuildFile section */
		B635295B1ADB5051003C9877 /* MCCardPickerCollectionViewController.m in Sources */ = {isa = PBXBuildFile; fileRef = B63529581ADB5051003C9877 /* MCCardPickerCollectionViewController.m */; };
		B635295C1ADB5051003C9877 /* MCCardPickerCollectionViewFlowLayout.m in Sources */ = {isa = PBXBuildFile; fileRef = B635295A1ADB5051003C9877 /* MCCardPickerCollectionViewFlowLayout.m */; };
		B635295F1ADB508D003C9877 /* ExploreCollectionViewCell.m in Sources */ = {isa = PBXBuildFile; fileRef = B635295E1ADB508D003C9877 /* ExploreCollectionViewCell.m */; };
		B63529621ADB50BD003C9877 /* UIImage+ImageEffects.m in Sources */ = {isa = PBXBuildFile; fileRef = B63529611ADB50BD003C9877 /* UIImage+ImageEffects.m */; };
		B63529651ADB5115003C9877 /* ExploreViewController.m in Sources */ = {isa = PBXBuildFile; fileRef = B63529641ADB5115003C9877 /* ExploreViewController.m */; };
		B67F6B441AF97A1D002DAE08 /* NoteDetailViewController.m in Sources */ = {isa = PBXBuildFile; fileRef = B67F6B431AF97A1D002DAE08 /* NoteDetailViewController.m */; };
		B6A9059A1AD9B379000304F0 /* MJCollectionViewCell.m in Sources */ = {isa = PBXBuildFile; fileRef = B6A905971AD9B379000304F0 /* MJCollectionViewCell.m */; };
		B6A9059B1AD9B379000304F0 /* MJRootViewController.m in Sources */ = {isa = PBXBuildFile; fileRef = B6A905991AD9B379000304F0 /* MJRootViewController.m */; };
		B6F53C081AD97890002E2AD3 /* main.m in Sources */ = {isa = PBXBuildFile; fileRef = B6F53C071AD97890002E2AD3 /* main.m */; };
		B6F53C0B1AD97890002E2AD3 /* AppDelegate.m in Sources */ = {isa = PBXBuildFile; fileRef = B6F53C0A1AD97890002E2AD3 /* AppDelegate.m */; };
		B6F53C0E1AD97890002E2AD3 /* Guideo.xcdatamodeld in Sources */ = {isa = PBXBuildFile; fileRef = B6F53C0C1AD97890002E2AD3 /* Guideo.xcdatamodeld */; };
		B6F53C111AD97890002E2AD3 /* ViewController.m in Sources */ = {isa = PBXBuildFile; fileRef = B6F53C101AD97890002E2AD3 /* ViewController.m */; };
		B6F53C141AD97890002E2AD3 /* Main.storyboard in Resources */ = {isa = PBXBuildFile; fileRef = B6F53C121AD97890002E2AD3 /* Main.storyboard */; };
		B6F53C161AD97890002E2AD3 /* Images.xcassets in Resources */ = {isa = PBXBuildFile; fileRef = B6F53C151AD97890002E2AD3 /* Images.xcassets */; };
		B6F53C191AD97890002E2AD3 /* LaunchScreen.xib in Resources */ = {isa = PBXBuildFile; fileRef = B6F53C171AD97890002E2AD3 /* LaunchScreen.xib */; };
		B6F53C251AD97890002E2AD3 /* GuideoTests.m in Sources */ = {isa = PBXBuildFile; fileRef = B6F53C241AD97890002E2AD3 /* GuideoTests.m */; };
		D71EBB7B1ADA06BF009D34A4 /* SiteViewController.m in Sources */ = {isa = PBXBuildFile; fileRef = D71EBB7A1ADA06BF009D34A4 /* SiteViewController.m */; };
		D71EBB841ADA08C7009D34A4 /* ExpandHeader.m in Sources */ = {isa = PBXBuildFile; fileRef = D71EBB831ADA08C7009D34A4 /* ExpandHeader.m */; };
		D71F0A821ADE359B005804EB /* SiteDetailsViewController.m in Sources */ = {isa = PBXBuildFile; fileRef = D71F0A811ADE359B005804EB /* SiteDetailsViewController.m */; };
		D735DFD41AF88B2E00C8B468 /* EventDetailsViewController.m in Sources */ = {isa = PBXBuildFile; fileRef = D735DFD31AF88B2E00C8B468 /* EventDetailsViewController.m */; };
		D735DFD71AF897C100C8B468 /* SearchDisplayController.m in Sources */ = {isa = PBXBuildFile; fileRef = D735DFD61AF897C100C8B468 /* SearchDisplayController.m */; };
		D76500871AE1F44F002F50AD /* ContentViewController.m in Sources */ = {isa = PBXBuildFile; fileRef = D76500841AE1F44F002F50AD /* ContentViewController.m */; };
		D76500891AE1F44F002F50AD /* ViewPagerController.m in Sources */ = {isa = PBXBuildFile; fileRef = D76500861AE1F44F002F50AD /* ViewPagerController.m */; };
		D773AE651AF88472009A31BE /* EventViewController.m in Sources */ = {isa = PBXBuildFile; fileRef = D773AE641AF88472009A31BE /* EventViewController.m */; };
		D78BE67D1AD996F60004EBC6 /* HomeViewController.m in Sources */ = {isa = PBXBuildFile; fileRef = D78BE67C1AD996F60004EBC6 /* HomeViewController.m */; };
		D79CF2EF1ADDE41D000EB15C /* tableData.m in Sources */ = {isa = PBXBuildFile; fileRef = D79CF2EE1ADDE41D000EB15C /* tableData.m */; };
/* End PBXBuildFile section */

/* Begin PBXContainerItemProxy section */
		B6F53C1F1AD97890002E2AD3 /* PBXContainerItemProxy */ = {
			isa = PBXContainerItemProxy;
			containerPortal = B6F53BFA1AD97890002E2AD3 /* Project object */;
			proxyType = 1;
			remoteGlobalIDString = B6F53C011AD97890002E2AD3;
			remoteInfo = Guideo;
		};
/* End PBXContainerItemProxy section */

/* Begin PBXFileReference section */
		B63529571ADB5051003C9877 /* MCCardPickerCollectionViewController.h */ = {isa = PBXFileReference; fileEncoding = 4; lastKnownFileType = sourcecode.c.h; path = MCCardPickerCollectionViewController.h; sourceTree = "<group>"; };
		B63529581ADB5051003C9877 /* MCCardPickerCollectionViewController.m */ = {isa = PBXFileReference; fileEncoding = 4; lastKnownFileType = sourcecode.c.objc; path = MCCardPickerCollectionViewController.m; sourceTree = "<group>"; };
		B63529591ADB5051003C9877 /* MCCardPickerCollectionViewFlowLayout.h */ = {isa = PBXFileReference; fileEncoding = 4; lastKnownFileType = sourcecode.c.h; path = MCCardPickerCollectionViewFlowLayout.h; sourceTree = "<group>"; };
		B635295A1ADB5051003C9877 /* MCCardPickerCollectionViewFlowLayout.m */ = {isa = PBXFileReference; fileEncoding = 4; lastKnownFileType = sourcecode.c.objc; path = MCCardPickerCollectionViewFlowLayout.m; sourceTree = "<group>"; };
		B635295D1ADB507D003C9877 /* ExploreCollectionViewCell.h */ = {isa = PBXFileReference; lastKnownFileType = sourcecode.c.h; path = ExploreCollectionViewCell.h; sourceTree = "<group>"; };
		B635295E1ADB508D003C9877 /* ExploreCollectionViewCell.m */ = {isa = PBXFileReference; fileEncoding = 4; lastKnownFileType = sourcecode.c.objc; path = ExploreCollectionViewCell.m; sourceTree = "<group>"; };
		B63529601ADB50BD003C9877 /* UIImage+ImageEffects.h */ = {isa = PBXFileReference; fileEncoding = 4; lastKnownFileType = sourcecode.c.h; path = "UIImage+ImageEffects.h"; sourceTree = "<group>"; };
		B63529611ADB50BD003C9877 /* UIImage+ImageEffects.m */ = {isa = PBXFileReference; fileEncoding = 4; lastKnownFileType = sourcecode.c.objc; path = "UIImage+ImageEffects.m"; sourceTree = "<group>"; };
		B63529631ADB510A003C9877 /* ExploreViewController.h */ = {isa = PBXFileReference; lastKnownFileType = sourcecode.c.h; path = ExploreViewController.h; sourceTree = "<group>"; };
		B63529641ADB5115003C9877 /* ExploreViewController.m */ = {isa = PBXFileReference; fileEncoding = 4; lastKnownFileType = sourcecode.c.objc; path = ExploreViewController.m; sourceTree = "<group>"; };
		B67F6B421AF97A0F002DAE08 /* NoteDetailViewController.h */ = {isa = PBXFileReference; lastKnownFileType = sourcecode.c.h; path = NoteDetailViewController.h; sourceTree = "<group>"; };
		B67F6B431AF97A1D002DAE08 /* NoteDetailViewController.m */ = {isa = PBXFileReference; fileEncoding = 4; lastKnownFileType = sourcecode.c.objc; path = NoteDetailViewController.m; sourceTree = "<group>"; };
		B6A905961AD9B379000304F0 /* MJCollectionViewCell.h */ = {isa = PBXFileReference; fileEncoding = 4; lastKnownFileType = sourcecode.c.h; path = MJCollectionViewCell.h; sourceTree = "<group>"; };
		B6A905971AD9B379000304F0 /* MJCollectionViewCell.m */ = {isa = PBXFileReference; fileEncoding = 4; lastKnownFileType = sourcecode.c.objc; path = MJCollectionViewCell.m; sourceTree = "<group>"; };
		B6A905981AD9B379000304F0 /* MJRootViewController.h */ = {isa = PBXFileReference; fileEncoding = 4; lastKnownFileType = sourcecode.c.h; path = MJRootViewController.h; sourceTree = "<group>"; };
		B6A905991AD9B379000304F0 /* MJRootViewController.m */ = {isa = PBXFileReference; fileEncoding = 4; lastKnownFileType = sourcecode.c.objc; path = MJRootViewController.m; sourceTree = "<group>"; };
		B6F53C021AD97890002E2AD3 /* Guideo.app */ = {isa = PBXFileReference; explicitFileType = wrapper.application; includeInIndex = 0; path = Guideo.app; sourceTree = BUILT_PRODUCTS_DIR; };
		B6F53C061AD97890002E2AD3 /* Info.plist */ = {isa = PBXFileReference; lastKnownFileType = text.plist.xml; path = Info.plist; sourceTree = "<group>"; };
		B6F53C071AD97890002E2AD3 /* main.m */ = {isa = PBXFileReference; lastKnownFileType = sourcecode.c.objc; path = main.m; sourceTree = "<group>"; };
		B6F53C091AD97890002E2AD3 /* AppDelegate.h */ = {isa = PBXFileReference; lastKnownFileType = sourcecode.c.h; path = AppDelegate.h; sourceTree = "<group>"; };
		B6F53C0A1AD97890002E2AD3 /* AppDelegate.m */ = {isa = PBXFileReference; lastKnownFileType = sourcecode.c.objc; path = AppDelegate.m; sourceTree = "<group>"; };
		B6F53C0D1AD97890002E2AD3 /* Guideo.xcdatamodel */ = {isa = PBXFileReference; lastKnownFileType = wrapper.xcdatamodel; path = Guideo.xcdatamodel; sourceTree = "<group>"; };
		B6F53C0F1AD97890002E2AD3 /* ViewController.h */ = {isa = PBXFileReference; lastKnownFileType = sourcecode.c.h; path = ViewController.h; sourceTree = "<group>"; };
		B6F53C101AD97890002E2AD3 /* ViewController.m */ = {isa = PBXFileReference; lastKnownFileType = sourcecode.c.objc; path = ViewController.m; sourceTree = "<group>"; };
		B6F53C131AD97890002E2AD3 /* Base */ = {isa = PBXFileReference; lastKnownFileType = file.storyboard; name = Base; path = Base.lproj/Main.storyboard; sourceTree = "<group>"; };
		B6F53C151AD97890002E2AD3 /* Images.xcassets */ = {isa = PBXFileReference; lastKnownFileType = folder.assetcatalog; path = Images.xcassets; sourceTree = "<group>"; };
		B6F53C181AD97890002E2AD3 /* Base */ = {isa = PBXFileReference; lastKnownFileType = file.xib; name = Base; path = Base.lproj/LaunchScreen.xib; sourceTree = "<group>"; };
		B6F53C1E1AD97890002E2AD3 /* GuideoTests.xctest */ = {isa = PBXFileReference; explicitFileType = wrapper.cfbundle; includeInIndex = 0; path = GuideoTests.xctest; sourceTree = BUILT_PRODUCTS_DIR; };
		B6F53C231AD97890002E2AD3 /* Info.plist */ = {isa = PBXFileReference; lastKnownFileType = text.plist.xml; path = Info.plist; sourceTree = "<group>"; };
		B6F53C241AD97890002E2AD3 /* GuideoTests.m */ = {isa = PBXFileReference; lastKnownFileType = sourcecode.c.objc; path = GuideoTests.m; sourceTree = "<group>"; };
		D71EBB791ADA06BF009D34A4 /* SiteViewController.h */ = {isa = PBXFileReference; fileEncoding = 4; lastKnownFileType = sourcecode.c.h; path = SiteViewController.h; sourceTree = "<group>"; };
		D71EBB7A1ADA06BF009D34A4 /* SiteViewController.m */ = {isa = PBXFileReference; fileEncoding = 4; lastKnownFileType = sourcecode.c.objc; path = SiteViewController.m; sourceTree = "<group>"; };
		D71EBB821ADA08C7009D34A4 /* ExpandHeader.h */ = {isa = PBXFileReference; fileEncoding = 4; lastKnownFileType = sourcecode.c.h; path = ExpandHeader.h; sourceTree = "<group>"; };
		D71EBB831ADA08C7009D34A4 /* ExpandHeader.m */ = {isa = PBXFileReference; fileEncoding = 4; lastKnownFileType = sourcecode.c.objc; path = ExpandHeader.m; sourceTree = "<group>"; };
		D71F0A801ADE359B005804EB /* SiteDetailsViewController.h */ = {isa = PBXFileReference; fileEncoding = 4; lastKnownFileType = sourcecode.c.h; path = SiteDetailsViewController.h; sourceTree = "<group>"; };
		D71F0A811ADE359B005804EB /* SiteDetailsViewController.m */ = {isa = PBXFileReference; fileEncoding = 4; lastKnownFileType = sourcecode.c.objc; path = SiteDetailsViewController.m; sourceTree = "<group>"; };
		D735DFD21AF88B2E00C8B468 /* EventDetailsViewController.h */ = {isa = PBXFileReference; fileEncoding = 4; lastKnownFileType = sourcecode.c.h; path = EventDetailsViewController.h; sourceTree = "<group>"; };
		D735DFD31AF88B2E00C8B468 /* EventDetailsViewController.m */ = {isa = PBXFileReference; fileEncoding = 4; lastKnownFileType = sourcecode.c.objc; path = EventDetailsViewController.m; sourceTree = "<group>"; };
		D735DFD51AF897C100C8B468 /* SearchDisplayController.h */ = {isa = PBXFileReference; fileEncoding = 4; lastKnownFileType = sourcecode.c.h; path = SearchDisplayController.h; sourceTree = "<group>"; };
		D735DFD61AF897C100C8B468 /* SearchDisplayController.m */ = {isa = PBXFileReference; fileEncoding = 4; lastKnownFileType = sourcecode.c.objc; path = SearchDisplayController.m; sourceTree = "<group>"; };
		D76500811AE1F43C002F50AD /* ContentViewController.h */ = {isa = PBXFileReference; lastKnownFileType = sourcecode.c.h; path = ContentViewController.h; sourceTree = "<group>"; };
		D76500831AE1F43C002F50AD /* ViewPagerController.h */ = {isa = PBXFileReference; lastKnownFileType = sourcecode.c.h; path = ViewPagerController.h; sourceTree = "<group>"; };
		D76500841AE1F44F002F50AD /* ContentViewController.m */ = {isa = PBXFileReference; fileEncoding = 4; lastKnownFileType = sourcecode.c.objc; path = ContentViewController.m; sourceTree = "<group>"; };
		D76500861AE1F44F002F50AD /* ViewPagerController.m */ = {isa = PBXFileReference; fileEncoding = 4; lastKnownFileType = sourcecode.c.objc; path = ViewPagerController.m; sourceTree = "<group>"; };
		D773AE631AF88472009A31BE /* EventViewController.h */ = {isa = PBXFileReference; fileEncoding = 4; lastKnownFileType = sourcecode.c.h; path = EventViewController.h; sourceTree = "<group>"; };
		D773AE641AF88472009A31BE /* EventViewController.m */ = {isa = PBXFileReference; fileEncoding = 4; lastKnownFileType = sourcecode.c.objc; path = EventViewController.m; sourceTree = "<group>"; };
		D78BE67B1AD996F60004EBC6 /* HomeViewController.h */ = {isa = PBXFileReference; fileEncoding = 4; lastKnownFileType = sourcecode.c.h; path = HomeViewController.h; sourceTree = "<group>"; };
		D78BE67C1AD996F60004EBC6 /* HomeViewController.m */ = {isa = PBXFileReference; fileEncoding = 4; lastKnownFileType = sourcecode.c.objc; path = HomeViewController.m; sourceTree = "<group>"; };
		D79CF2ED1ADDE41D000EB15C /* tableData.h */ = {isa = PBXFileReference; fileEncoding = 4; lastKnownFileType = sourcecode.c.h; path = tableData.h; sourceTree = "<group>"; };
		D79CF2EE1ADDE41D000EB15C /* tableData.m */ = {isa = PBXFileReference; fileEncoding = 4; lastKnownFileType = sourcecode.c.objc; path = tableData.m; sourceTree = "<group>"; };
/* End PBXFileReference section */

/* Begin PBXFrameworksBuildPhase section */
		B6F53BFF1AD97890002E2AD3 /* Frameworks */ = {
			isa = PBXFrameworksBuildPhase;
			buildActionMask = 2147483647;
			files = (
			);
			runOnlyForDeploymentPostprocessing = 0;
		};
		B6F53C1B1AD97890002E2AD3 /* Frameworks */ = {
			isa = PBXFrameworksBuildPhase;
			buildActionMask = 2147483647;
			files = (
			);
			runOnlyForDeploymentPostprocessing = 0;
		};
/* End PBXFrameworksBuildPhase section */

/* Begin PBXGroup section */
		B6F53BF91AD97890002E2AD3 = {
			isa = PBXGroup;
			children = (
				B6F53C041AD97890002E2AD3 /* Guideo */,
				B6F53C211AD97890002E2AD3 /* GuideoTests */,
				B6F53C031AD97890002E2AD3 /* Products */,
			);
			sourceTree = "<group>";
		};
		B6F53C031AD97890002E2AD3 /* Products */ = {
			isa = PBXGroup;
			children = (
				B6F53C021AD97890002E2AD3 /* Guideo.app */,
				B6F53C1E1AD97890002E2AD3 /* GuideoTests.xctest */,
			);
			name = Products;
			sourceTree = "<group>";
		};
		B6F53C041AD97890002E2AD3 /* Guideo */ = {
			isa = PBXGroup;
			children = (
				D79CF2EA1ADDE346000EB15C /* ViewControllers */,
				D71F0A601ADDF780005804EB /* Delegate */,
				D79CF2EC1ADDE3BA000EB15C /* DataStructure */,
				B6F53C121AD97890002E2AD3 /* Main.storyboard */,
				B6F53C151AD97890002E2AD3 /* Images.xcassets */,
				B6F53C171AD97890002E2AD3 /* LaunchScreen.xib */,
				B6F53C0C1AD97890002E2AD3 /* Guideo.xcdatamodeld */,
				B6F53C051AD97890002E2AD3 /* Supporting Files */,
			);
			path = Guideo;
			sourceTree = "<group>";
		};
		B6F53C051AD97890002E2AD3 /* Supporting Files */ = {
			isa = PBXGroup;
			children = (
				B63529601ADB50BD003C9877 /* UIImage+ImageEffects.h */,
				B63529611ADB50BD003C9877 /* UIImage+ImageEffects.m */,
				B6F53C061AD97890002E2AD3 /* Info.plist */,
				B6F53C071AD97890002E2AD3 /* main.m */,
			);
			name = "Supporting Files";
			sourceTree = "<group>";
		};
		B6F53C211AD97890002E2AD3 /* GuideoTests */ = {
			isa = PBXGroup;
			children = (
				B6F53C241AD97890002E2AD3 /* GuideoTests.m */,
				B6F53C221AD97890002E2AD3 /* Supporting Files */,
			);
			path = GuideoTests;
			sourceTree = "<group>";
		};
		B6F53C221AD97890002E2AD3 /* Supporting Files */ = {
			isa = PBXGroup;
			children = (
				B6F53C231AD97890002E2AD3 /* Info.plist */,
			);
			name = "Supporting Files";
			sourceTree = "<group>";
		};
		D71F0A601ADDF780005804EB /* Delegate */ = {
			isa = PBXGroup;
			children = (
				B635295D1ADB507D003C9877 /* ExploreCollectionViewCell.h */,
				B635295E1ADB508D003C9877 /* ExploreCollectionViewCell.m */,
				D71EBB821ADA08C7009D34A4 /* ExpandHeader.h */,
				D71EBB831ADA08C7009D34A4 /* ExpandHeader.m */,
				B6F53C091AD97890002E2AD3 /* AppDelegate.h */,
				B6F53C0A1AD97890002E2AD3 /* AppDelegate.m */,
				B6A905961AD9B379000304F0 /* MJCollectionViewCell.h */,
				B6A905971AD9B379000304F0 /* MJCollectionViewCell.m */,
				B63529591ADB5051003C9877 /* MCCardPickerCollectionViewFlowLayout.h */,
				B635295A1ADB5051003C9877 /* MCCardPickerCollectionViewFlowLayout.m */,
			);
			name = Delegate;
			sourceTree = "<group>";
		};
		D79CF2EA1ADDE346000EB15C /* ViewControllers */ = {
			isa = PBXGroup;
			children = (
				B6F53C0F1AD97890002E2AD3 /* ViewController.h */,
				B6F53C101AD97890002E2AD3 /* ViewController.m */,
				D78BE67B1AD996F60004EBC6 /* HomeViewController.h */,
				D78BE67C1AD996F60004EBC6 /* HomeViewController.m */,
				B63529631ADB510A003C9877 /* ExploreViewController.h */,
				B63529641ADB5115003C9877 /* ExploreViewController.m */,
				D71EBB791ADA06BF009D34A4 /* SiteViewController.h */,
				D71EBB7A1ADA06BF009D34A4 /* SiteViewController.m */,
				D71F0A801ADE359B005804EB /* SiteDetailsViewController.h */,
				D71F0A811ADE359B005804EB /* SiteDetailsViewController.m */,
				D76500811AE1F43C002F50AD /* ContentViewController.h */,
				D76500841AE1F44F002F50AD /* ContentViewController.m */,
				D76500831AE1F43C002F50AD /* ViewPagerController.h */,
				D76500861AE1F44F002F50AD /* ViewPagerController.m */,
				B6A905981AD9B379000304F0 /* MJRootViewController.h */,
				B6A905991AD9B379000304F0 /* MJRootViewController.m */,
				B63529571ADB5051003C9877 /* MCCardPickerCollectionViewController.h */,
				B63529581ADB5051003C9877 /* MCCardPickerCollectionViewController.m */,
				D773AE631AF88472009A31BE /* EventViewController.h */,
				D773AE641AF88472009A31BE /* EventViewController.m */,
				D735DFD21AF88B2E00C8B468 /* EventDetailsViewController.h */,
				D735DFD31AF88B2E00C8B468 /* EventDetailsViewController.m */,
				D735DFD51AF897C100C8B468 /* SearchDisplayController.h */,
				D735DFD61AF897C100C8B468 /* SearchDisplayController.m */,
				B67F6B421AF97A0F002DAE08 /* NoteDetailViewController.h */,
				B67F6B431AF97A1D002DAE08 /* NoteDetailViewController.m */,
			);
			name = ViewControllers;
			sourceTree = "<group>";
		};
		D79CF2EC1ADDE3BA000EB15C /* DataStructure */ = {
			isa = PBXGroup;
			children = (
				D79CF2ED1ADDE41D000EB15C /* tableData.h */,
				D79CF2EE1ADDE41D000EB15C /* tableData.m */,
			);
			name = DataStructure;
			sourceTree = "<group>";
		};
/* End PBXGroup section */

/* Begin PBXNativeTarget section */
		B6F53C011AD97890002E2AD3 /* Guideo */ = {
			isa = PBXNativeTarget;
			buildConfigurationList = B6F53C281AD97890002E2AD3 /* Build configuration list for PBXNativeTarget "Guideo" */;
			buildPhases = (
				B6F53BFE1AD97890002E2AD3 /* Sources */,
				B6F53BFF1AD97890002E2AD3 /* Frameworks */,
				B6F53C001AD97890002E2AD3 /* Resources */,
			);
			buildRules = (
			);
			dependencies = (
			);
			name = Guideo;
			productName = Guideo;
			productReference = B6F53C021AD97890002E2AD3 /* Guideo.app */;
			productType = "com.apple.product-type.application";
		};
		B6F53C1D1AD97890002E2AD3 /* GuideoTests */ = {
			isa = PBXNativeTarget;
			buildConfigurationList = B6F53C2B1AD97890002E2AD3 /* Build configuration list for PBXNativeTarget "GuideoTests" */;
			buildPhases = (
				B6F53C1A1AD97890002E2AD3 /* Sources */,
				B6F53C1B1AD97890002E2AD3 /* Frameworks */,
				B6F53C1C1AD97890002E2AD3 /* Resources */,
			);
			buildRules = (
			);
			dependencies = (
				B6F53C201AD97890002E2AD3 /* PBXTargetDependency */,
			);
			name = GuideoTests;
			productName = GuideoTests;
			productReference = B6F53C1E1AD97890002E2AD3 /* GuideoTests.xctest */;
			productType = "com.apple.product-type.bundle.unit-test";
		};
/* End PBXNativeTarget section */

/* Begin PBXProject section */
		B6F53BFA1AD97890002E2AD3 /* Project object */ = {
			isa = PBXProject;
			attributes = {
				LastUpgradeCheck = 0610;
				ORGANIZATIONNAME = Guideo;
				TargetAttributes = {
					B6F53C011AD97890002E2AD3 = {
						CreatedOnToolsVersion = 6.1.1;
					};
					B6F53C1D1AD97890002E2AD3 = {
						CreatedOnToolsVersion = 6.1.1;
						TestTargetID = B6F53C011AD97890002E2AD3;
					};
				};
			};
			buildConfigurationList = B6F53BFD1AD97890002E2AD3 /* Build configuration list for PBXProject "Guideo" */;
			compatibilityVersion = "Xcode 3.2";
			developmentRegion = English;
			hasScannedForEncodings = 0;
			knownRegions = (
				en,
				Base,
			);
			mainGroup = B6F53BF91AD97890002E2AD3;
			productRefGroup = B6F53C031AD97890002E2AD3 /* Products */;
			projectDirPath = "";
			projectRoot = "";
			targets = (
				B6F53C011AD97890002E2AD3 /* Guideo */,
				B6F53C1D1AD97890002E2AD3 /* GuideoTests */,
			);
		};
/* End PBXProject section */

/* Begin PBXResourcesBuildPhase section */
		B6F53C001AD97890002E2AD3 /* Resources */ = {
			isa = PBXResourcesBuildPhase;
			buildActionMask = 2147483647;
			files = (
				B6F53C141AD97890002E2AD3 /* Main.storyboard in Resources */,
				B6F53C191AD97890002E2AD3 /* LaunchScreen.xib in Resources */,
				B6F53C161AD97890002E2AD3 /* Images.xcassets in Resources */,
			);
			runOnlyForDeploymentPostprocessing = 0;
		};
		B6F53C1C1AD97890002E2AD3 /* Resources */ = {
			isa = PBXResourcesBuildPhase;
			buildActionMask = 2147483647;
			files = (
			);
			runOnlyForDeploymentPostprocessing = 0;
		};
/* End PBXResourcesBuildPhase section */

/* Begin PBXSourcesBuildPhase section */
		B6F53BFE1AD97890002E2AD3 /* Sources */ = {
			isa = PBXSourcesBuildPhase;
			buildActionMask = 2147483647;
			files = (
				B635295B1ADB5051003C9877 /* MCCardPickerCollectionViewController.m in Sources */,
				D76500891AE1F44F002F50AD /* ViewPagerController.m in Sources */,
				D76500871AE1F44F002F50AD /* ContentViewController.m in Sources */,
				B63529621ADB50BD003C9877 /* UIImage+ImageEffects.m in Sources */,
				B6F53C0E1AD97890002E2AD3 /* Guideo.xcdatamodeld in Sources */,
				B6F53C0B1AD97890002E2AD3 /* AppDelegate.m in Sources */,
				D735DFD41AF88B2E00C8B468 /* EventDetailsViewController.m in Sources */,
				B6F53C111AD97890002E2AD3 /* ViewController.m in Sources */,
				D71EBB7B1ADA06BF009D34A4 /* SiteViewController.m in Sources */,
				B63529651ADB5115003C9877 /* ExploreViewController.m in Sources */,
				D71EBB841ADA08C7009D34A4 /* ExpandHeader.m in Sources */,
				B635295C1ADB5051003C9877 /* MCCardPickerCollectionViewFlowLayout.m in Sources */,
				D79CF2EF1ADDE41D000EB15C /* tableData.m in Sources */,
				D735DFD71AF897C100C8B468 /* SearchDisplayController.m in Sources */,
				D71F0A821ADE359B005804EB /* SiteDetailsViewController.m in Sources */,
				D773AE651AF88472009A31BE /* EventViewController.m in Sources */,
				B6A9059A1AD9B379000304F0 /* MJCollectionViewCell.m in Sources */,
				B635295F1ADB508D003C9877 /* ExploreCollectionViewCell.m in Sources */,
				D78BE67D1AD996F60004EBC6 /* HomeViewController.m in Sources */,
				B67F6B441AF97A1D002DAE08 /* NoteDetailViewController.m in Sources */,
				B6F53C081AD97890002E2AD3 /* main.m in Sources */,
				B6A9059B1AD9B379000304F0 /* MJRootViewController.m in Sources */,
			);
			runOnlyForDeploymentPostprocessing = 0;
		};
		B6F53C1A1AD97890002E2AD3 /* Sources */ = {
			isa = PBXSourcesBuildPhase;
			buildActionMask = 2147483647;
			files = (
				B6F53C251AD97890002E2AD3 /* GuideoTests.m in Sources */,
			);
			runOnlyForDeploymentPostprocessing = 0;
		};
/* End PBXSourcesBuildPhase section */

/* Begin PBXTargetDependency section */
		B6F53C201AD97890002E2AD3 /* PBXTargetDependency */ = {
			isa = PBXTargetDependency;
			target = B6F53C011AD97890002E2AD3 /* Guideo */;
			targetProxy = B6F53C1F1AD97890002E2AD3 /* PBXContainerItemProxy */;
		};
/* End PBXTargetDependency section */

/* Begin PBXVariantGroup section */
		B6F53C121AD97890002E2AD3 /* Main.storyboard */ = {
			isa = PBXVariantGroup;
			children = (
				B6F53C131AD97890002E2AD3 /* Base */,
			);
			name = Main.storyboard;
			sourceTree = "<group>";
		};
		B6F53C171AD97890002E2AD3 /* LaunchScreen.xib */ = {
			isa = PBXVariantGroup;
			children = (
				B6F53C181AD97890002E2AD3 /* Base */,
			);
			name = LaunchScreen.xib;
			sourceTree = "<group>";
		};
/* End PBXVariantGroup section */

/* Begin XCBuildConfiguration section */
		B6F53C261AD97890002E2AD3 /* Debug */ = {
			isa = XCBuildConfiguration;
			buildSettings = {
				ALWAYS_SEARCH_USER_PATHS = NO;
				CLANG_CXX_LANGUAGE_STANDARD = "gnu++0x";
				CLANG_CXX_LIBRARY = "libc++";
				CLANG_ENABLE_MODULES = YES;
				CLANG_ENABLE_OBJC_ARC = YES;
				CLANG_WARN_BOOL_CONVERSION = YES;
				CLANG_WARN_CONSTANT_CONVERSION = YES;
				CLANG_WARN_DIRECT_OBJC_ISA_USAGE = YES_ERROR;
				CLANG_WARN_EMPTY_BODY = YES;
				CLANG_WARN_ENUM_CONVERSION = YES;
				CLANG_WARN_INT_CONVERSION = YES;
				CLANG_WARN_OBJC_ROOT_CLASS = YES_ERROR;
				CLANG_WARN_UNREACHABLE_CODE = YES;
				CLANG_WARN__DUPLICATE_METHOD_MATCH = YES;
				"CODE_SIGN_IDENTITY[sdk=iphoneos*]" = "iPhone Developer";
				COPY_PHASE_STRIP = NO;
				ENABLE_STRICT_OBJC_MSGSEND = YES;
				GCC_C_LANGUAGE_STANDARD = gnu99;
				GCC_DYNAMIC_NO_PIC = NO;
				GCC_OPTIMIZATION_LEVEL = 0;
				GCC_PREPROCESSOR_DEFINITIONS = (
					"DEBUG=1",
					"$(inherited)",
				);
				GCC_SYMBOLS_PRIVATE_EXTERN = NO;
				GCC_WARN_64_TO_32_BIT_CONVERSION = YES;
				GCC_WARN_ABOUT_RETURN_TYPE = YES_ERROR;
				GCC_WARN_UNDECLARED_SELECTOR = YES;
				GCC_WARN_UNINITIALIZED_AUTOS = YES_AGGRESSIVE;
				GCC_WARN_UNUSED_FUNCTION = YES;
				GCC_WARN_UNUSED_VARIABLE = YES;
				IPHONEOS_DEPLOYMENT_TARGET = 8.1;
				MTL_ENABLE_DEBUG_INFO = YES;
				ONLY_ACTIVE_ARCH = YES;
				SDKROOT = iphoneos;
			};
			name = Debug;
		};
		B6F53C271AD97890002E2AD3 /* Release */ = {
			isa = XCBuildConfiguration;
			buildSettings = {
				ALWAYS_SEARCH_USER_PATHS = NO;
				CLANG_CXX_LANGUAGE_STANDARD = "gnu++0x";
				CLANG_CXX_LIBRARY = "libc++";
				CLANG_ENABLE_MODULES = YES;
				CLANG_ENABLE_OBJC_ARC = YES;
				CLANG_WARN_BOOL_CONVERSION = YES;
				CLANG_WARN_CONSTANT_CONVERSION = YES;
				CLANG_WARN_DIRECT_OBJC_ISA_USAGE = YES_ERROR;
				CLANG_WARN_EMPTY_BODY = YES;
				CLANG_WARN_ENUM_CONVERSION = YES;
				CLANG_WARN_INT_CONVERSION = YES;
				CLANG_WARN_OBJC_ROOT_CLASS = YES_ERROR;
				CLANG_WARN_UNREACHABLE_CODE = YES;
				CLANG_WARN__DUPLICATE_METHOD_MATCH = YES;
				"CODE_SIGN_IDENTITY[sdk=iphoneos*]" = "iPhone Developer";
				COPY_PHASE_STRIP = YES;
				ENABLE_NS_ASSERTIONS = NO;
				ENABLE_STRICT_OBJC_MSGSEND = YES;
				GCC_C_LANGUAGE_STANDARD = gnu99;
				GCC_WARN_64_TO_32_BIT_CONVERSION = YES;
				GCC_WARN_ABOUT_RETURN_TYPE = YES_ERROR;
				GCC_WARN_UNDECLARED_SELECTOR = YES;
				GCC_WARN_UNINITIALIZED_AUTOS = YES_AGGRESSIVE;
				GCC_WARN_UNUSED_FUNCTION = YES;
				GCC_WARN_UNUSED_VARIABLE = YES;
				IPHONEOS_DEPLOYMENT_TARGET = 8.1;
				MTL_ENABLE_DEBUG_INFO = NO;
				SDKROOT = iphoneos;
				VALIDATE_PRODUCT = YES;
			};
			name = Release;
		};
		B6F53C291AD97890002E2AD3 /* Debug */ = {
			isa = XCBuildConfiguration;
			buildSettings = {
				ASSETCATALOG_COMPILER_APPICON_NAME = AppIcon;
				INFOPLIST_FILE = Guideo/Info.plist;
				LD_RUNPATH_SEARCH_PATHS = "$(inherited) @executable_path/Frameworks";
				PRODUCT_NAME = "$(TARGET_NAME)";
			};
			name = Debug;
		};
		B6F53C2A1AD97890002E2AD3 /* Release */ = {
			isa = XCBuildConfiguration;
			buildSettings = {
				ASSETCATALOG_COMPILER_APPICON_NAME = AppIcon;
				INFOPLIST_FILE = Guideo/Info.plist;
				LD_RUNPATH_SEARCH_PATHS = "$(inherited) @executable_path/Frameworks";
				PRODUCT_NAME = "$(TARGET_NAME)";
			};
			name = Release;
		};
		B6F53C2C1AD97890002E2AD3 /* Debug */ = {
			isa = XCBuildConfiguration;
			buildSettings = {
				BUNDLE_LOADER = "$(TEST_HOST)";
				FRAMEWORK_SEARCH_PATHS = (
					"$(SDKROOT)/Developer/Library/Frameworks",
					"$(inherited)",
				);
				GCC_PREPROCESSOR_DEFINITIONS = (
					"DEBUG=1",
					"$(inherited)",
				);
				INFOPLIST_FILE = GuideoTests/Info.plist;
				LD_RUNPATH_SEARCH_PATHS = "$(inherited) @executable_path/Frameworks @loader_path/Frameworks";
				PRODUCT_NAME = "$(TARGET_NAME)";
				TEST_HOST = "$(BUILT_PRODUCTS_DIR)/Guideo.app/Guideo";
			};
			name = Debug;
		};
		B6F53C2D1AD97890002E2AD3 /* Release */ = {
			isa = XCBuildConfiguration;
			buildSettings = {
				BUNDLE_LOADER = "$(TEST_HOST)";
				FRAMEWORK_SEARCH_PATHS = (
					"$(SDKROOT)/Developer/Library/Frameworks",
					"$(inherited)",
				);
				INFOPLIST_FILE = GuideoTests/Info.plist;
				LD_RUNPATH_SEARCH_PATHS = "$(inherited) @executable_path/Frameworks @loader_path/Frameworks";
				PRODUCT_NAME = "$(TARGET_NAME)";
				TEST_HOST = "$(BUILT_PRODUCTS_DIR)/Guideo.app/Guideo";
			};
			name = Release;
		};
/* End XCBuildConfiguration section */

/* Begin XCConfigurationList section */
		B6F53BFD1AD97890002E2AD3 /* Build configuration list for PBXProject "Guideo" */ = {
			isa = XCConfigurationList;
			buildConfigurations = (
				B6F53C261AD97890002E2AD3 /* Debug */,
				B6F53C271AD97890002E2AD3 /* Release */,
			);
			defaultConfigurationIsVisible = 0;
			defaultConfigurationName = Release;
		};
		B6F53C281AD97890002E2AD3 /* Build configuration list for PBXNativeTarget "Guideo" */ = {
			isa = XCConfigurationList;
			buildConfigurations = (
				B6F53C291AD97890002E2AD3 /* Debug */,
				B6F53C2A1AD97890002E2AD3 /* Release */,
			);
			defaultConfigurationIsVisible = 0;
			defaultConfigurationName = Release;
		};
		B6F53C2B1AD97890002E2AD3 /* Build configuration list for PBXNativeTarget "GuideoTests" */ = {
			isa = XCConfigurationList;
			buildConfigurations = (
				B6F53C2C1AD97890002E2AD3 /* Debug */,
				B6F53C2D1AD97890002E2AD3 /* Release */,
			);
			defaultConfigurationIsVisible = 0;
			defaultConfigurationName = Release;
		};
/* End XCConfigurationList section */

/* Begin XCVersionGroup section */
		B6F53C0C1AD97890002E2AD3 /* Guideo.xcdatamodeld */ = {
			isa = XCVersionGroup;
			children = (
				B6F53C0D1AD97890002E2AD3 /* Guideo.xcdatamodel */,
			);
			currentVersion = B6F53C0D1AD97890002E2AD3 /* Guideo.xcdatamodel */;
			path = Guideo.xcdatamodeld;
			sourceTree = "<group>";
			versionGroupType = wrapper.xcdatamodel;
		};
/* End XCVersionGroup section */
	};
	rootObject = B6F53BFA1AD97890002E2AD3 /* Project object */;
}
